// !$*UTF8*$!
{
	archiveVersion = 1;
	classes = {
	};
	objectVersion = 56;
	objects = {

/* Begin PBXBuildFile section */
		6C36AD152AAB55C10015291F /* WordsGameApp.swift in Sources */ = {isa = PBXBuildFile; fileRef = 6C36AD142AAB55C10015291F /* WordsGameApp.swift */; };
		6C36AD172AAB55C10015291F /* StartView.swift in Sources */ = {isa = PBXBuildFile; fileRef = 6C36AD162AAB55C10015291F /* StartView.swift */; };
		6C36AD192AAB55C10015291F /* Assets.xcassets in Resources */ = {isa = PBXBuildFile; fileRef = 6C36AD182AAB55C10015291F /* Assets.xcassets */; };
		6C36AD1C2AAB55C10015291F /* Preview Assets.xcassets in Resources */ = {isa = PBXBuildFile; fileRef = 6C36AD1B2AAB55C10015291F /* Preview Assets.xcassets */; };
		6C9A99A42AAE69A00049E189 /* WordCell.swift in Sources */ = {isa = PBXBuildFile; fileRef = 6C9A99A32AAE69A00049E189 /* WordCell.swift */; };
		6CFF30DD2AACAEE5009DF8B9 /* TitleText.swift in Sources */ = {isa = PBXBuildFile; fileRef = 6CFF30DC2AACAEE5009DF8B9 /* TitleText.swift */; };
		6CFF30DF2AACAFDC009DF8B9 /* WordsTextField.swift in Sources */ = {isa = PBXBuildFile; fileRef = 6CFF30DE2AACAFDC009DF8B9 /* WordsTextField.swift */; };
		6CFF30E32AACB55E009DF8B9 /* GameView.swift in Sources */ = {isa = PBXBuildFile; fileRef = 6CFF30E22AACB55E009DF8B9 /* GameView.swift */; };
		6CFF30E62AAE4587009DF8B9 /* Player.swift in Sources */ = {isa = PBXBuildFile; fileRef = 6CFF30E52AAE4587009DF8B9 /* Player.swift */; };
		6CFF30E92AAE46A7009DF8B9 /* GameViewModel.swift in Sources */ = {isa = PBXBuildFile; fileRef = 6CFF30E82AAE46A7009DF8B9 /* GameViewModel.swift */; };
/* End PBXBuildFile section */

/* Begin PBXFileReference section */
		6C36AD112AAB55C10015291F /* WordsGame.app */ = {isa = PBXFileReference; explicitFileType = wrapper.application; includeInIndex = 0; path = WordsGame.app; sourceTree = BUILT_PRODUCTS_DIR; };
		6C36AD142AAB55C10015291F /* WordsGameApp.swift */ = {isa = PBXFileReference; lastKnownFileType = sourcecode.swift; path = WordsGameApp.swift; sourceTree = "<group>"; };
		6C36AD162AAB55C10015291F /* StartView.swift */ = {isa = PBXFileReference; lastKnownFileType = sourcecode.swift; path = StartView.swift; sourceTree = "<group>"; };
		6C36AD182AAB55C10015291F /* Assets.xcassets */ = {isa = PBXFileReference; lastKnownFileType = folder.assetcatalog; path = Assets.xcassets; sourceTree = "<group>"; };
		6C36AD1B2AAB55C10015291F /* Preview Assets.xcassets */ = {isa = PBXFileReference; lastKnownFileType = folder.assetcatalog; path = "Preview Assets.xcassets"; sourceTree = "<group>"; };
		6C9A99A32AAE69A00049E189 /* WordCell.swift */ = {isa = PBXFileReference; lastKnownFileType = sourcecode.swift; path = WordCell.swift; sourceTree = "<group>"; };
		6CFF30DC2AACAEE5009DF8B9 /* TitleText.swift */ = {isa = PBXFileReference; lastKnownFileType = sourcecode.swift; path = TitleText.swift; sourceTree = "<group>"; };
		6CFF30DE2AACAFDC009DF8B9 /* WordsTextField.swift */ = {isa = PBXFileReference; lastKnownFileType = sourcecode.swift; path = WordsTextField.swift; sourceTree = "<group>"; };
		6CFF30E22AACB55E009DF8B9 /* GameView.swift */ = {isa = PBXFileReference; lastKnownFileType = sourcecode.swift; path = GameView.swift; sourceTree = "<group>"; };
		6CFF30E52AAE4587009DF8B9 /* Player.swift */ = {isa = PBXFileReference; lastKnownFileType = sourcecode.swift; path = Player.swift; sourceTree = "<group>"; };
		6CFF30E82AAE46A7009DF8B9 /* GameViewModel.swift */ = {isa = PBXFileReference; lastKnownFileType = sourcecode.swift; path = GameViewModel.swift; sourceTree = "<group>"; };
/* End PBXFileReference section */

/* Begin PBXFrameworksBuildPhase section */
		6C36AD0E2AAB55C10015291F /* Frameworks */ = {
			isa = PBXFrameworksBuildPhase;
			buildActionMask = 2147483647;
			files = (
			);
			runOnlyForDeploymentPostprocessing = 0;
		};
/* End PBXFrameworksBuildPhase section */

/* Begin PBXGroup section */
		6C36AD082AAB55C10015291F = {
			isa = PBXGroup;
			children = (
				6C36AD132AAB55C10015291F /* WordsGame */,
				6C36AD122AAB55C10015291F /* Products */,
			);
			sourceTree = "<group>";
		};
		6C36AD122AAB55C10015291F /* Products */ = {
			isa = PBXGroup;
			children = (
				6C36AD112AAB55C10015291F /* WordsGame.app */,
			);
			name = Products;
			sourceTree = "<group>";
		};
		6C36AD132AAB55C10015291F /* WordsGame */ = {
			isa = PBXGroup;
			children = (
				6C36AD142AAB55C10015291F /* WordsGameApp.swift */,
				6CFF30EA2AAE4CD1009DF8B9 /* ViewModel */,
				6CFF30E72AAE4669009DF8B9 /* Model */,
				6CFF30E42AACB56B009DF8B9 /* Views */,
				6CFF30DB2AACAEBD009DF8B9 /* Components */,
				6C36AD182AAB55C10015291F /* Assets.xcassets */,
				6C36AD1A2AAB55C10015291F /* Preview Content */,
			);
			path = WordsGame;
			sourceTree = "<group>";
		};
		6C36AD1A2AAB55C10015291F /* Preview Content */ = {
			isa = PBXGroup;
			children = (
				6C36AD1B2AAB55C10015291F /* Preview Assets.xcassets */,
			);
			path = "Preview Content";
			sourceTree = "<group>";
		};
		6CFF30DB2AACAEBD009DF8B9 /* Components */ = {
			isa = PBXGroup;
			children = (
				6CFF30DC2AACAEE5009DF8B9 /* TitleText.swift */,
				6CFF30DE2AACAFDC009DF8B9 /* WordsTextField.swift */,
				6C9A99A32AAE69A00049E189 /* WordCell.swift */,
			);
			path = Components;
			sourceTree = "<group>";
		};
		6CFF30E42AACB56B009DF8B9 /* Views */ = {
			isa = PBXGroup;
			children = (
				6C36AD162AAB55C10015291F /* StartView.swift */,
				6CFF30E22AACB55E009DF8B9 /* GameView.swift */,
			);
			path = Views;
			sourceTree = "<group>";
		};
		6CFF30E72AAE4669009DF8B9 /* Model */ = {
			isa = PBXGroup;
			children = (
				6CFF30E52AAE4587009DF8B9 /* Player.swift */,
			);
			path = Model;
			sourceTree = "<group>";
		};
		6CFF30EA2AAE4CD1009DF8B9 /* ViewModel */ = {
			isa = PBXGroup;
			children = (
				6CFF30E82AAE46A7009DF8B9 /* GameViewModel.swift */,
			);
			path = ViewModel;
			sourceTree = "<group>";
		};
/* End PBXGroup section */

/* Begin PBXNativeTarget section */
		6C36AD102AAB55C10015291F /* WordsGame */ = {
			isa = PBXNativeTarget;
			buildConfigurationList = 6C36AD1F2AAB55C10015291F /* Build configuration list for PBXNativeTarget "WordsGame" */;
			buildPhases = (
				6C36AD0D2AAB55C10015291F /* Sources */,
				6C36AD0E2AAB55C10015291F /* Frameworks */,
				6C36AD0F2AAB55C10015291F /* Resources */,
			);
			buildRules = (
			);
			dependencies = (
			);
			name = WordsGame;
			productName = WordsGame;
			productReference = 6C36AD112AAB55C10015291F /* WordsGame.app */;
			productType = "com.apple.product-type.application";
		};
/* End PBXNativeTarget section */

/* Begin PBXProject section */
		6C36AD092AAB55C10015291F /* Project object */ = {
			isa = PBXProject;
			attributes = {
				BuildIndependentTargetsInParallel = 1;
				LastSwiftUpdateCheck = 1430;
				LastUpgradeCheck = 1430;
				TargetAttributes = {
					6C36AD102AAB55C10015291F = {
						CreatedOnToolsVersion = 14.3.1;
					};
				};
			};
			buildConfigurationList = 6C36AD0C2AAB55C10015291F /* Build configuration list for PBXProject "WordsGame" */;
			compatibilityVersion = "Xcode 14.0";
			developmentRegion = en;
			hasScannedForEncodings = 0;
			knownRegions = (
				en,
				Base,
			);
			mainGroup = 6C36AD082AAB55C10015291F;
			productRefGroup = 6C36AD122AAB55C10015291F /* Products */;
			projectDirPath = "";
			projectRoot = "";
			targets = (
				6C36AD102AAB55C10015291F /* WordsGame */,
			);
		};
/* End PBXProject section */

/* Begin PBXResourcesBuildPhase section */
		6C36AD0F2AAB55C10015291F /* Resources */ = {
			isa = PBXResourcesBuildPhase;
			buildActionMask = 2147483647;
			files = (
				6C36AD1C2AAB55C10015291F /* Preview Assets.xcassets in Resources */,
				6C36AD192AAB55C10015291F /* Assets.xcassets in Resources */,
			);
			runOnlyForDeploymentPostprocessing = 0;
		};
/* End PBXResourcesBuildPhase section */

/* Begin PBXSourcesBuildPhase section */
		6C36AD0D2AAB55C10015291F /* Sources */ = {
			isa = PBXSourcesBuildPhase;
			buildActionMask = 2147483647;
			files = (
				6C36AD172AAB55C10015291F /* StartView.swift in Sources */,
				6CFF30DD2AACAEE5009DF8B9 /* TitleText.swift in Sources */,
				6C36AD152AAB55C10015291F /* WordsGameApp.swift in Sources */,
				6CFF30DF2AACAFDC009DF8B9 /* WordsTextField.swift in Sources */,
				6CFF30E62AAE4587009DF8B9 /* Player.swift in Sources */,
				6C9A99A42AAE69A00049E189 /* WordCell.swift in Sources */,
				6CFF30E32AACB55E009DF8B9 /* GameView.swift in Sources */,
				6CFF30E92AAE46A7009DF8B9 /* GameViewModel.swift in Sources */,
			);
			runOnlyForDeploymentPostprocessing = 0;
		};
/* End PBXSourcesBuildPhase section */

/* Begin XCBuildConfiguration section */
		6C36AD1D2AAB55C10015291F /* Debug */ = {
			isa = XCBuildConfiguration;
			buildSettings = {
				ALWAYS_SEARCH_USER_PATHS = NO;
				CLANG_ANALYZER_NONNULL = YES;
				CLANG_ANALYZER_NUMBER_OBJECT_CONVERSION = YES_AGGRESSIVE;
				CLANG_CXX_LANGUAGE_STANDARD = "gnu++20";
				CLANG_ENABLE_MODULES = YES;
				CLANG_ENABLE_OBJC_ARC = YES;
				CLANG_ENABLE_OBJC_WEAK = YES;
				CLANG_WARN_BLOCK_CAPTURE_AUTORELEASING = YES;
				CLANG_WARN_BOOL_CONVERSION = YES;
				CLANG_WARN_COMMA = YES;
				CLANG_WARN_CONSTANT_CONVERSION = YES;
				CLANG_WARN_DEPRECATED_OBJC_IMPLEMENTATIONS = YES;
				CLANG_WARN_DIRECT_OBJC_ISA_USAGE = YES_ERROR;
				CLANG_WARN_DOCUMENTATION_COMMENTS = YES;
				CLANG_WARN_EMPTY_BODY = YES;
				CLANG_WARN_ENUM_CONVERSION = YES;
				CLANG_WARN_INFINITE_RECURSION = YES;
				CLANG_WARN_INT_CONVERSION = YES;
				CLANG_WARN_NON_LITERAL_NULL_CONVERSION = YES;
				CLANG_WARN_OBJC_IMPLICIT_RETAIN_SELF = YES;
				CLANG_WARN_OBJC_LITERAL_CONVERSION = YES;
				CLANG_WARN_OBJC_ROOT_CLASS = YES_ERROR;
				CLANG_WARN_QUOTED_INCLUDE_IN_FRAMEWORK_HEADER = YES;
				CLANG_WARN_RANGE_LOOP_ANALYSIS = YES;
				CLANG_WARN_STRICT_PROTOTYPES = YES;
				CLANG_WARN_SUSPICIOUS_MOVE = YES;
				CLANG_WARN_UNGUARDED_AVAILABILITY = YES_AGGRESSIVE;
				CLANG_WARN_UNREACHABLE_CODE = YES;
				CLANG_WARN__DUPLICATE_METHOD_MATCH = YES;
				COPY_PHASE_STRIP = NO;
				DEBUG_INFORMATION_FORMAT = dwarf;
				ENABLE_STRICT_OBJC_MSGSEND = YES;
				ENABLE_TESTABILITY = YES;
				GCC_C_LANGUAGE_STANDARD = gnu11;
				GCC_DYNAMIC_NO_PIC = NO;
				GCC_NO_COMMON_BLOCKS = YES;
				GCC_OPTIMIZATION_LEVEL = 0;
				GCC_PREPROCESSOR_DEFINITIONS = (
					"DEBUG=1",
					"$(inherited)",
				);
				GCC_WARN_64_TO_32_BIT_CONVERSION = YES;
				GCC_WARN_ABOUT_RETURN_TYPE = YES_ERROR;
				GCC_WARN_UNDECLARED_SELECTOR = YES;
				GCC_WARN_UNINITIALIZED_AUTOS = YES_AGGRESSIVE;
				GCC_WARN_UNUSED_FUNCTION = YES;
				GCC_WARN_UNUSED_VARIABLE = YES;
				IPHONEOS_DEPLOYMENT_TARGET = 16.4;
				MTL_ENABLE_DEBUG_INFO = INCLUDE_SOURCE;
				MTL_FAST_MATH = YES;
				ONLY_ACTIVE_ARCH = YES;
				SDKROOT = iphoneos;
				SWIFT_ACTIVE_COMPILATION_CONDITIONS = DEBUG;
				SWIFT_OPTIMIZATION_LEVEL = "-Onone";
			};
			name = Debug;
		};
		6C36AD1E2AAB55C10015291F /* Release */ = {
			isa = XCBuildConfiguration;
			buildSettings = {
				ALWAYS_SEARCH_USER_PATHS = NO;
				CLANG_ANALYZER_NONNULL = YES;
				CLANG_ANALYZER_NUMBER_OBJECT_CONVERSION = YES_AGGRESSIVE;
				CLANG_CXX_LANGUAGE_STANDARD = "gnu++20";
				CLANG_ENABLE_MODULES = YES;
				CLANG_ENABLE_OBJC_ARC = YES;
				CLANG_ENABLE_OBJC_WEAK = YES;
				CLANG_WARN_BLOCK_CAPTURE_AUTORELEASING = YES;
				CLANG_WARN_BOOL_CONVERSION = YES;
				CLANG_WARN_COMMA = YES;
				CLANG_WARN_CONSTANT_CONVERSION = YES;
				CLANG_WARN_DEPRECATED_OBJC_IMPLEMENTATIONS = YES;
				CLANG_WARN_DIRECT_OBJC_ISA_USAGE = YES_ERROR;
				CLANG_WARN_DOCUMENTATION_COMMENTS = YES;
				CLANG_WARN_EMPTY_BODY = YES;
				CLANG_WARN_ENUM_CONVERSION = YES;
				CLANG_WARN_INFINITE_RECURSION = YES;
				CLANG_WARN_INT_CONVERSION = YES;
				CLANG_WARN_NON_LITERAL_NULL_CONVERSION = YES;
				CLANG_WARN_OBJC_IMPLICIT_RETAIN_SELF = YES;
				CLANG_WARN_OBJC_LITERAL_CONVERSION = YES;
				CLANG_WARN_OBJC_ROOT_CLASS = YES_ERROR;
				CLANG_WARN_QUOTED_INCLUDE_IN_FRAMEWORK_HEADER = YES;
				CLANG_WARN_RANGE_LOOP_ANALYSIS = YES;
				CLANG_WARN_STRICT_PROTOTYPES = YES;
				CLANG_WARN_SUSPICIOUS_MOVE = YES;
				CLANG_WARN_UNGUARDED_AVAILABILITY = YES_AGGRESSIVE;
				CLANG_WARN_UNREACHABLE_CODE = YES;
				CLANG_WARN__DUPLICATE_METHOD_MATCH = YES;
				COPY_PHASE_STRIP = NO;
				DEBUG_INFORMATION_FORMAT = "dwarf-with-dsym";
				ENABLE_NS_ASSERTIONS = NO;
				ENABLE_STRICT_OBJC_MSGSEND = YES;
				GCC_C_LANGUAGE_STANDARD = gnu11;
				GCC_NO_COMMON_BLOCKS = YES;
				GCC_WARN_64_TO_32_BIT_CONVERSION = YES;
				GCC_WARN_ABOUT_RETURN_TYPE = YES_ERROR;
				GCC_WARN_UNDECLARED_SELECTOR = YES;
				GCC_WARN_UNINITIALIZED_AUTOS = YES_AGGRESSIVE;
				GCC_WARN_UNUSED_FUNCTION = YES;
				GCC_WARN_UNUSED_VARIABLE = YES;
				IPHONEOS_DEPLOYMENT_TARGET = 16.4;
				MTL_ENABLE_DEBUG_INFO = NO;
				MTL_FAST_MATH = YES;
				SDKROOT = iphoneos;
				SWIFT_COMPILATION_MODE = wholemodule;
				SWIFT_OPTIMIZATION_LEVEL = "-O";
				VALIDATE_PRODUCT = YES;
			};
			name = Release;
		};
		6C36AD202AAB55C10015291F /* Debug */ = {
			isa = XCBuildConfiguration;
			buildSettings = {
				ASSETCATALOG_COMPILER_APPICON_NAME = AppIcon;
				ASSETCATALOG_COMPILER_GLOBAL_ACCENT_COLOR_NAME = AccentColor;
				CODE_SIGN_STYLE = Automatic;
				CURRENT_PROJECT_VERSION = 1;
				DEVELOPMENT_ASSET_PATHS = "\"WordsGame/Preview Content\"";
				DEVELOPMENT_TEAM = 52WQ43FP4J;
				ENABLE_PREVIEWS = YES;
				GENERATE_INFOPLIST_FILE = YES;
				INFOPLIST_KEY_CFBundleDisplayName = "WordsGame(1)";
				INFOPLIST_KEY_LSApplicationCategoryType = "public.app-category.video";
				INFOPLIST_KEY_UIApplicationSceneManifest_Generation = YES;
				INFOPLIST_KEY_UIApplicationSupportsIndirectInputEvents = YES;
				INFOPLIST_KEY_UILaunchScreen_Generation = YES;
				INFOPLIST_KEY_UIRequiresFullScreen = YES;
				INFOPLIST_KEY_UIStatusBarStyle = "";
				INFOPLIST_KEY_UISupportedInterfaceOrientations = UIInterfaceOrientationPortrait;
				LD_RUNPATH_SEARCH_PATHS = (
					"$(inherited)",
					"@executable_path/Frameworks",
				);
				MARKETING_VERSION = 1.0;
				PRODUCT_BUNDLE_IDENTIFIER = boshiro.WordsGame;
				PRODUCT_NAME = "$(TARGET_NAME)";
				SWIFT_EMIT_LOC_STRINGS = YES;
				SWIFT_VERSION = 5.0;
				TARGETED_DEVICE_FAMILY = "1,2";
			};
			name = Debug;
		};
		6C36AD212AAB55C10015291F /* Release */ = {
			isa = XCBuildConfiguration;
			buildSettings = {
				ASSETCATALOG_COMPILER_APPICON_NAME = AppIcon;
				ASSETCATALOG_COMPILER_GLOBAL_ACCENT_COLOR_NAME = AccentColor;
				CODE_SIGN_STYLE = Automatic;
				CURRENT_PROJECT_VERSION = 1;
				DEVELOPMENT_ASSET_PATHS = "\"WordsGame/Preview Content\"";
				DEVELOPMENT_TEAM = 52WQ43FP4J;
				ENABLE_PREVIEWS = YES;
				GENERATE_INFOPLIST_FILE = YES;
				INFOPLIST_KEY_CFBundleDisplayName = "WordsGame(1)";
				INFOPLIST_KEY_LSApplicationCategoryType = "public.app-category.video";
				INFOPLIST_KEY_UIApplicationSceneManifest_Generation = YES;
				INFOPLIST_KEY_UIApplicationSupportsIndirectInputEvents = YES;
				INFOPLIST_KEY_UILaunchScreen_Generation = YES;
				INFOPLIST_KEY_UIRequiresFullScreen = YES;
				INFOPLIST_KEY_UIStatusBarStyle = "";
				INFOPLIST_KEY_UISupportedInterfaceOrientations = UIInterfaceOrientationPortrait;
				LD_RUNPATH_SEARCH_PATHS = (
					"$(inherited)",
					"@executable_path/Frameworks",
				);
				MARKETING_VERSION = 1.0;
				PRODUCT_BUNDLE_IDENTIFIER = boshiro.WordsGame;
				PRODUCT_NAME = "$(TARGET_NAME)";
				SWIFT_EMIT_LOC_STRINGS = YES;
				SWIFT_VERSION = 5.0;
				TARGETED_DEVICE_FAMILY = "1,2";
			};
			name = Release;
		};
/* End XCBuildConfiguration section */

/* Begin XCConfigurationList section */
		6C36AD0C2AAB55C10015291F /* Build configuration list for PBXProject "WordsGame" */ = {
			isa = XCConfigurationList;
			buildConfigurations = (
				6C36AD1D2AAB55C10015291F /* Debug */,
				6C36AD1E2AAB55C10015291F /* Release */,
			);
			defaultConfigurationIsVisible = 0;
			defaultConfigurationName = Release;
		};
		6C36AD1F2AAB55C10015291F /* Build configuration list for PBXNativeTarget "WordsGame" */ = {
			isa = XCConfigurationList;
			buildConfigurations = (
				6C36AD202AAB55C10015291F /* Debug */,
				6C36AD212AAB55C10015291F /* Release */,
			);
			defaultConfigurationIsVisible = 0;
			defaultConfigurationName = Release;
		};
/* End XCConfigurationList section */
	};
	rootObject = 6C36AD092AAB55C10015291F /* Project object */;
}
